
Microsoft Visual Studio Solution File, Format Version 12.00
# Visual Studio 14
VisualStudioVersion = 14.0.23107.0
MinimumVisualStudioVersion = 10.0.40219.1
Project("{2150E333-8FDC-42A3-9474-1A3956D46DE8}") = "Servicios Distribuidos", "Servicios Distribuidos", "{EC750F8B-E7CB-417F-A0C1-6709764C9C51}"
EndProject
Project("{2150E333-8FDC-42A3-9474-1A3956D46DE8}") = "Biblioteca Sensores", "Biblioteca Sensores", "{5DE96AA9-48CA-45C4-9AD8-1E63C2F1C7B7}"
EndProject
Project("{2150E333-8FDC-42A3-9474-1A3956D46DE8}") = "Manejadores Sensores", "Manejadores Sensores", "{0FA70BAF-5EA7-4D1E-B3D4-A7CD047488AB}"
EndProject
Project("{2150E333-8FDC-42A3-9474-1A3956D46DE8}") = "Puerto Paralelo", "Puerto Paralelo", "{10321723-989B-4428-93E5-0970EA59C900}"
EndProject
Project("{2150E333-8FDC-42A3-9474-1A3956D46DE8}") = "Manejador Pub-Sub Eventos", "Manejador Pub-Sub Eventos", "{7EB10D6A-60EE-4064-A68D-153EFE8DF949}"
EndProject
Project("{2150E333-8FDC-42A3-9474-1A3956D46DE8}") = "Localizador de Servicios", "Localizador de Servicios", "{B368D4F3-8AC6-4C30-958F-E798EB94E1A2}"
EndProject
Project("{2150E333-8FDC-42A3-9474-1A3956D46DE8}") = "Interfaces", "Interfaces", "{82EB3229-57DB-4ECA-95D5-50DD27359EF7}"
EndProject
Project("{2150E333-8FDC-42A3-9474-1A3956D46DE8}") = "Clientes Prueba", "Clientes Prueba", "{479DF066-EF42-47D4-B90D-144D87E48D0C}"
EndProject
Project("{FAE04EC0-301F-11D3-BF4B-00C04F79EFBC}") = "ParallelPortApi", "ParallelPortApiNew\ParallelPortApi.csproj", "{DB4A58FB-6910-4626-B185-45B1923BD2F4}"
EndProject
Project("{FAE04EC0-301F-11D3-BF4B-00C04F79EFBC}") = "AlarmTestClient", "DiscoClientNew\AlarmTestClient.csproj", "{DF8285A9-16B8-41FB-85E4-053EC542B6CA}"
	ProjectSection(ProjectDependencies) = postProject
		{9BDCCC00-EE80-4414-BCBC-057B74D80BAF} = {9BDCCC00-EE80-4414-BCBC-057B74D80BAF}
		{BCACA03D-0509-4AA8-AF26-487D9FF42934} = {BCACA03D-0509-4AA8-AF26-487D9FF42934}
		{CEC040AB-9A0A-4979-A3EB-B8A14F895915} = {CEC040AB-9A0A-4979-A3EB-B8A14F895915}
	EndProjectSection
EndProject
Project("{FAE04EC0-301F-11D3-BF4B-00C04F79EFBC}") = "ParellelPortContract", "ParellelPortContractNew\ParellelPortContract.csproj", "{9B6D078E-F171-40D7-8BAE-AA173915EFF3}"
EndProject
Project("{FAE04EC0-301F-11D3-BF4B-00C04F79EFBC}") = "PubSubEventContract", "PubSubEventContractNew\PubSubEventContract.csproj", "{CEC040AB-9A0A-4979-A3EB-B8A14F895915}"
EndProject
Project("{FAE04EC0-301F-11D3-BF4B-00C04F79EFBC}") = "EventReciverService", "EventReciverServiceNew\EventReciverService.csproj", "{BCACA03D-0509-4AA8-AF26-487D9FF42934}"
EndProject
Project("{FAE04EC0-301F-11D3-BF4B-00C04F79EFBC}") = "PubSubService", "PubSubServiceNew\PubSubService.csproj", "{9BDCCC00-EE80-4414-BCBC-057B74D80BAF}"
	ProjectSection(ProjectDependencies) = postProject
		{BCACA03D-0509-4AA8-AF26-487D9FF42934} = {BCACA03D-0509-4AA8-AF26-487D9FF42934}
		{CEC040AB-9A0A-4979-A3EB-B8A14F895915} = {CEC040AB-9A0A-4979-A3EB-B8A14F895915}
	EndProjectSection
EndProject
Project("{FAE04EC0-301F-11D3-BF4B-00C04F79EFBC}") = "WCFParallelPortService", "WCFParallelPortServiceNew\WCFParallelPortService.csproj", "{98A3B7E2-0F00-491F-8159-C73AB0A756ED}"
	ProjectSection(ProjectDependencies) = postProject
		{9B6D078E-F171-40D7-8BAE-AA173915EFF3} = {9B6D078E-F171-40D7-8BAE-AA173915EFF3}
		{DB4A58FB-6910-4626-B185-45B1923BD2F4} = {DB4A58FB-6910-4626-B185-45B1923BD2F4}
	EndProjectSection
EndProject
Project("{FAE04EC0-301F-11D3-BF4B-00C04F79EFBC}") = "PubSubServiceHost", "PubSubServiceHost\PubSubServiceHost.csproj", "{B69C9192-27E7-438D-B58D-F2FCADFE563C}"
	ProjectSection(ProjectDependencies) = postProject
		{9BDCCC00-EE80-4414-BCBC-057B74D80BAF} = {9BDCCC00-EE80-4414-BCBC-057B74D80BAF}
	EndProjectSection
EndProject
Project("{FAE04EC0-301F-11D3-BF4B-00C04F79EFBC}") = "ParallelPortServiceHost", "ParallelPortServiceHost\ParallelPortServiceHost.csproj", "{FBE19437-35D0-457F-B24E-483353524188}"
	ProjectSection(ProjectDependencies) = postProject
		{98A3B7E2-0F00-491F-8159-C73AB0A756ED} = {98A3B7E2-0F00-491F-8159-C73AB0A756ED}
	EndProjectSection
EndProject
Project("{2150E333-8FDC-42A3-9474-1A3956D46DE8}") = "Services Host", "Services Host", "{45461386-9E5A-4F2F-9ADA-C5C36799D92B}"
EndProject
Project("{FAE04EC0-301F-11D3-BF4B-00C04F79EFBC}") = "NAudio", "..\NAudio\NAudio-Source\NAudio\NAudio.csproj", "{DA4F02E3-0B5E-42CD-B8D9-5583FA51D66E}"
EndProject
Project("{2150E333-8FDC-42A3-9474-1A3956D46DE8}") = "Microfono", "Microfono", "{D2028513-F07C-4891-B8DE-73330CE35690}"
EndProject
Project("{2150E333-8FDC-42A3-9474-1A3956D46DE8}") = "Window Services", "Window Services", "{1F8E4B51-D49F-4162-B99B-44739227F46F}"
EndProject
Project("{FAE04EC0-301F-11D3-BF4B-00C04F79EFBC}") = "WDTMFDetectorService", "DTMF Detector Service\WDTMFDetectorService.csproj", "{91737924-2788-4333-ABF9-98D45ED3B742}"
	ProjectSection(ProjectDependencies) = postProject
		{15B3E0D2-6217-493A-A690-158C497F5318} = {15B3E0D2-6217-493A-A690-158C497F5318}
	EndProjectSection
EndProject
Project("{FAE04EC0-301F-11D3-BF4B-00C04F79EFBC}") = "WPubSubService", "WPubSubService\WPubSubService.csproj", "{442AF5E8-060F-4178-B32E-F1802343C3F4}"
	ProjectSection(ProjectDependencies) = postProject
		{9BDCCC00-EE80-4414-BCBC-057B74D80BAF} = {9BDCCC00-EE80-4414-BCBC-057B74D80BAF}
	EndProjectSection
EndProject
Project("{FAE04EC0-301F-11D3-BF4B-00C04F79EFBC}") = "WindowParallelPortService", "IOParallelPortService\WindowParallelPortService.csproj", "{4BC970AA-FD31-4E5D-8E38-EA5999915CAB}"
	ProjectSection(ProjectDependencies) = postProject
		{98A3B7E2-0F00-491F-8159-C73AB0A756ED} = {98A3B7E2-0F00-491F-8159-C73AB0A756ED}
	EndProjectSection
EndProject
Project("{FAE04EC0-301F-11D3-BF4B-00C04F79EFBC}") = "DtmfDetector", "DtmfDetector\DtmfDetector.csproj", "{D1A65C03-E4C0-4011-A460-D37C207F2313}"
EndProject
Project("{FAE04EC0-301F-11D3-BF4B-00C04F79EFBC}") = "DTMF Detector", "DTMF Detector\DTMF Detector.csproj", "{3A015A98-C89F-4729-B8C6-655AB43E34D9}"
EndProject
Project("{FAE04EC0-301F-11D3-BF4B-00C04F79EFBC}") = "WControlAire", "WControlAire\WControlAire.csproj", "{43E00324-6981-4F62-AAA1-683645E94C6C}"
EndProject
Project("{FAE04EC0-301F-11D3-BF4B-00C04F79EFBC}") = "BaseSensorsContract", "BaseSensorsContract\BaseSensorsContract.csproj", "{6E719150-EC52-495B-853B-3EDE1C9EDFB0}"
EndProject
Project("{FAE04EC0-301F-11D3-BF4B-00C04F79EFBC}") = "WCFDTMFServiceCtrl", "WCFDTMFDetectorService\WCFDTMFServiceCtrl.csproj", "{15B3E0D2-6217-493A-A690-158C497F5318}"
EndProject
Project("{FAE04EC0-301F-11D3-BF4B-00C04F79EFBC}") = "DtmfCtrlServiceHost", "DtmfCtrlServiceHost\DtmfCtrlServiceHost.csproj", "{C10537FE-05EF-4928-9ABD-C9581739B3F9}"
EndProject
Global
	GlobalSection(SolutionConfigurationPlatforms) = preSolution
		Debug|Any CPU = Debug|Any CPU
		Release|Any CPU = Release|Any CPU
	EndGlobalSection
	GlobalSection(ProjectConfigurationPlatforms) = postSolution
		{DB4A58FB-6910-4626-B185-45B1923BD2F4}.Debug|Any CPU.ActiveCfg = Debug|Any CPU
		{DB4A58FB-6910-4626-B185-45B1923BD2F4}.Debug|Any CPU.Build.0 = Debug|Any CPU
		{DB4A58FB-6910-4626-B185-45B1923BD2F4}.Release|Any CPU.ActiveCfg = Release|Any CPU
		{DB4A58FB-6910-4626-B185-45B1923BD2F4}.Release|Any CPU.Build.0 = Release|Any CPU
		{DF8285A9-16B8-41FB-85E4-053EC542B6CA}.Debug|Any CPU.ActiveCfg = Debug|Any CPU
		{DF8285A9-16B8-41FB-85E4-053EC542B6CA}.Debug|Any CPU.Build.0 = Debug|Any CPU
		{DF8285A9-16B8-41FB-85E4-053EC542B6CA}.Release|Any CPU.ActiveCfg = Release|Any CPU
		{DF8285A9-16B8-41FB-85E4-053EC542B6CA}.Release|Any CPU.Build.0 = Release|Any CPU
		{9B6D078E-F171-40D7-8BAE-AA173915EFF3}.Debug|Any CPU.ActiveCfg = Debug|Any CPU
		{9B6D078E-F171-40D7-8BAE-AA173915EFF3}.Debug|Any CPU.Build.0 = Debug|Any CPU
		{9B6D078E-F171-40D7-8BAE-AA173915EFF3}.Release|Any CPU.ActiveCfg = Release|Any CPU
		{9B6D078E-F171-40D7-8BAE-AA173915EFF3}.Release|Any CPU.Build.0 = Release|Any CPU
		{CEC040AB-9A0A-4979-A3EB-B8A14F895915}.Debug|Any CPU.ActiveCfg = Debug|Any CPU
		{CEC040AB-9A0A-4979-A3EB-B8A14F895915}.Debug|Any CPU.Build.0 = Debug|Any CPU
		{CEC040AB-9A0A-4979-A3EB-B8A14F895915}.Release|Any CPU.ActiveCfg = Release|Any CPU
		{CEC040AB-9A0A-4979-A3EB-B8A14F895915}.Release|Any CPU.Build.0 = Release|Any CPU
		{BCACA03D-0509-4AA8-AF26-487D9FF42934}.Debug|Any CPU.ActiveCfg = Debug|Any CPU
		{BCACA03D-0509-4AA8-AF26-487D9FF42934}.Debug|Any CPU.Build.0 = Debug|Any CPU
		{BCACA03D-0509-4AA8-AF26-487D9FF42934}.Release|Any CPU.ActiveCfg = Release|Any CPU
		{BCACA03D-0509-4AA8-AF26-487D9FF42934}.Release|Any CPU.Build.0 = Release|Any CPU
		{9BDCCC00-EE80-4414-BCBC-057B74D80BAF}.Debug|Any CPU.ActiveCfg = Debug|Any CPU
		{9BDCCC00-EE80-4414-BCBC-057B74D80BAF}.Debug|Any CPU.Build.0 = Debug|Any CPU
		{9BDCCC00-EE80-4414-BCBC-057B74D80BAF}.Release|Any CPU.ActiveCfg = Release|Any CPU
		{9BDCCC00-EE80-4414-BCBC-057B74D80BAF}.Release|Any CPU.Build.0 = Release|Any CPU
		{98A3B7E2-0F00-491F-8159-C73AB0A756ED}.Debug|Any CPU.ActiveCfg = Debug|Any CPU
		{98A3B7E2-0F00-491F-8159-C73AB0A756ED}.Debug|Any CPU.Build.0 = Debug|Any CPU
		{98A3B7E2-0F00-491F-8159-C73AB0A756ED}.Release|Any CPU.ActiveCfg = Release|Any CPU
		{98A3B7E2-0F00-491F-8159-C73AB0A756ED}.Release|Any CPU.Build.0 = Release|Any CPU
		{B69C9192-27E7-438D-B58D-F2FCADFE563C}.Debug|Any CPU.ActiveCfg = Debug|Any CPU
		{B69C9192-27E7-438D-B58D-F2FCADFE563C}.Debug|Any CPU.Build.0 = Debug|Any CPU
		{B69C9192-27E7-438D-B58D-F2FCADFE563C}.Release|Any CPU.ActiveCfg = Release|Any CPU
		{B69C9192-27E7-438D-B58D-F2FCADFE563C}.Release|Any CPU.Build.0 = Release|Any CPU
		{FBE19437-35D0-457F-B24E-483353524188}.Debug|Any CPU.ActiveCfg = Debug|Any CPU
		{FBE19437-35D0-457F-B24E-483353524188}.Debug|Any CPU.Build.0 = Debug|Any CPU
		{FBE19437-35D0-457F-B24E-483353524188}.Release|Any CPU.ActiveCfg = Release|Any CPU
		{FBE19437-35D0-457F-B24E-483353524188}.Release|Any CPU.Build.0 = Release|Any CPU
		{DA4F02E3-0B5E-42CD-B8D9-5583FA51D66E}.Debug|Any CPU.ActiveCfg = Debug|Any CPU
		{DA4F02E3-0B5E-42CD-B8D9-5583FA51D66E}.Debug|Any CPU.Build.0 = Debug|Any CPU
		{DA4F02E3-0B5E-42CD-B8D9-5583FA51D66E}.Release|Any CPU.ActiveCfg = Release|Any CPU
		{DA4F02E3-0B5E-42CD-B8D9-5583FA51D66E}.Release|Any CPU.Build.0 = Release|Any CPU
		{91737924-2788-4333-ABF9-98D45ED3B742}.Debug|Any CPU.ActiveCfg = Debug|Any CPU
		{91737924-2788-4333-ABF9-98D45ED3B742}.Debug|Any CPU.Build.0 = Debug|Any CPU
		{91737924-2788-4333-ABF9-98D45ED3B742}.Release|Any CPU.ActiveCfg = Release|Any CPU
		{91737924-2788-4333-ABF9-98D45ED3B742}.Release|Any CPU.Build.0 = Release|Any CPU
		{442AF5E8-060F-4178-B32E-F1802343C3F4}.Debug|Any CPU.ActiveCfg = Debug|Any CPU
		{442AF5E8-060F-4178-B32E-F1802343C3F4}.Debug|Any CPU.Build.0 = Debug|Any CPU
		{442AF5E8-060F-4178-B32E-F1802343C3F4}.Release|Any CPU.ActiveCfg = Release|Any CPU
		{442AF5E8-060F-4178-B32E-F1802343C3F4}.Release|Any CPU.Build.0 = Release|Any CPU
		{4BC970AA-FD31-4E5D-8E38-EA5999915CAB}.Debug|Any CPU.ActiveCfg = Debug|Any CPU
		{4BC970AA-FD31-4E5D-8E38-EA5999915CAB}.Debug|Any CPU.Build.0 = Debug|Any CPU
		{4BC970AA-FD31-4E5D-8E38-EA5999915CAB}.Release|Any CPU.ActiveCfg = Release|Any CPU
		{4BC970AA-FD31-4E5D-8E38-EA5999915CAB}.Release|Any CPU.Build.0 = Release|Any CPU
		{D1A65C03-E4C0-4011-A460-D37C207F2313}.Debug|Any CPU.ActiveCfg = Debug|Any CPU
		{D1A65C03-E4C0-4011-A460-D37C207F2313}.Debug|Any CPU.Build.0 = Debug|Any CPU
		{D1A65C03-E4C0-4011-A460-D37C207F2313}.Release|Any CPU.ActiveCfg = Release|Any CPU
		{D1A65C03-E4C0-4011-A460-D37C207F2313}.Release|Any CPU.Build.0 = Release|Any CPU
		{3A015A98-C89F-4729-B8C6-655AB43E34D9}.Debug|Any CPU.ActiveCfg = Debug|Any CPU
		{3A015A98-C89F-4729-B8C6-655AB43E34D9}.Debug|Any CPU.Build.0 = Debug|Any CPU
		{3A015A98-C89F-4729-B8C6-655AB43E34D9}.Release|Any CPU.ActiveCfg = Release|Any CPU
		{3A015A98-C89F-4729-B8C6-655AB43E34D9}.Release|Any CPU.Build.0 = Release|Any CPU
		{43E00324-6981-4F62-AAA1-683645E94C6C}.Debug|Any CPU.ActiveCfg = Debug|Any CPU
		{43E00324-6981-4F62-AAA1-683645E94C6C}.Debug|Any CPU.Build.0 = Debug|Any CPU
		{43E00324-6981-4F62-AAA1-683645E94C6C}.Release|Any CPU.ActiveCfg = Release|Any CPU
		{43E00324-6981-4F62-AAA1-683645E94C6C}.Release|Any CPU.Build.0 = Release|Any CPU
		{6E719150-EC52-495B-853B-3EDE1C9EDFB0}.Debug|Any CPU.ActiveCfg = Debug|Any CPU
		{6E719150-EC52-495B-853B-3EDE1C9EDFB0}.Debug|Any CPU.Build.0 = Debug|Any CPU
		{6E719150-EC52-495B-853B-3EDE1C9EDFB0}.Release|Any CPU.ActiveCfg = Release|Any CPU
		{6E719150-EC52-495B-853B-3EDE1C9EDFB0}.Release|Any CPU.Build.0 = Release|Any CPU
		{15B3E0D2-6217-493A-A690-158C497F5318}.Debug|Any CPU.ActiveCfg = Debug|Any CPU
		{15B3E0D2-6217-493A-A690-158C497F5318}.Debug|Any CPU.Build.0 = Debug|Any CPU
		{15B3E0D2-6217-493A-A690-158C497F5318}.Release|Any CPU.ActiveCfg = Release|Any CPU
		{15B3E0D2-6217-493A-A690-158C497F5318}.Release|Any CPU.Build.0 = Release|Any CPU
		{C10537FE-05EF-4928-9ABD-C9581739B3F9}.Debug|Any CPU.ActiveCfg = Debug|Any CPU
		{C10537FE-05EF-4928-9ABD-C9581739B3F9}.Debug|Any CPU.Build.0 = Debug|Any CPU
		{C10537FE-05EF-4928-9ABD-C9581739B3F9}.Release|Any CPU.ActiveCfg = Release|Any CPU
		{C10537FE-05EF-4928-9ABD-C9581739B3F9}.Release|Any CPU.Build.0 = Release|Any CPU
	EndGlobalSection
	GlobalSection(SolutionProperties) = preSolution
		HideSolutionNode = FALSE
	EndGlobalSection
	GlobalSection(NestedProjects) = preSolution
		{0FA70BAF-5EA7-4D1E-B3D4-A7CD047488AB} = {EC750F8B-E7CB-417F-A0C1-6709764C9C51}
		{10321723-989B-4428-93E5-0970EA59C900} = {0FA70BAF-5EA7-4D1E-B3D4-A7CD047488AB}
		{7EB10D6A-60EE-4064-A68D-153EFE8DF949} = {EC750F8B-E7CB-417F-A0C1-6709764C9C51}
		{B368D4F3-8AC6-4C30-958F-E798EB94E1A2} = {EC750F8B-E7CB-417F-A0C1-6709764C9C51}
		{82EB3229-57DB-4ECA-95D5-50DD27359EF7} = {EC750F8B-E7CB-417F-A0C1-6709764C9C51}
		{DB4A58FB-6910-4626-B185-45B1923BD2F4} = {5DE96AA9-48CA-45C4-9AD8-1E63C2F1C7B7}
		{DF8285A9-16B8-41FB-85E4-053EC542B6CA} = {45461386-9E5A-4F2F-9ADA-C5C36799D92B}
		{9B6D078E-F171-40D7-8BAE-AA173915EFF3} = {82EB3229-57DB-4ECA-95D5-50DD27359EF7}
		{CEC040AB-9A0A-4979-A3EB-B8A14F895915} = {82EB3229-57DB-4ECA-95D5-50DD27359EF7}
		{BCACA03D-0509-4AA8-AF26-487D9FF42934} = {7EB10D6A-60EE-4064-A68D-153EFE8DF949}
		{9BDCCC00-EE80-4414-BCBC-057B74D80BAF} = {7EB10D6A-60EE-4064-A68D-153EFE8DF949}
		{98A3B7E2-0F00-491F-8159-C73AB0A756ED} = {10321723-989B-4428-93E5-0970EA59C900}
		{B69C9192-27E7-438D-B58D-F2FCADFE563C} = {45461386-9E5A-4F2F-9ADA-C5C36799D92B}
		{FBE19437-35D0-457F-B24E-483353524188} = {45461386-9E5A-4F2F-9ADA-C5C36799D92B}
		{45461386-9E5A-4F2F-9ADA-C5C36799D92B} = {479DF066-EF42-47D4-B90D-144D87E48D0C}
		{DA4F02E3-0B5E-42CD-B8D9-5583FA51D66E} = {5DE96AA9-48CA-45C4-9AD8-1E63C2F1C7B7}
		{D2028513-F07C-4891-B8DE-73330CE35690} = {0FA70BAF-5EA7-4D1E-B3D4-A7CD047488AB}
		{1F8E4B51-D49F-4162-B99B-44739227F46F} = {EC750F8B-E7CB-417F-A0C1-6709764C9C51}
		{91737924-2788-4333-ABF9-98D45ED3B742} = {1F8E4B51-D49F-4162-B99B-44739227F46F}
		{442AF5E8-060F-4178-B32E-F1802343C3F4} = {1F8E4B51-D49F-4162-B99B-44739227F46F}
		{4BC970AA-FD31-4E5D-8E38-EA5999915CAB} = {1F8E4B51-D49F-4162-B99B-44739227F46F}
		{D1A65C03-E4C0-4011-A460-D37C207F2313} = {D2028513-F07C-4891-B8DE-73330CE35690}
		{3A015A98-C89F-4729-B8C6-655AB43E34D9} = {5DE96AA9-48CA-45C4-9AD8-1E63C2F1C7B7}
		{43E00324-6981-4F62-AAA1-683645E94C6C} = {479DF066-EF42-47D4-B90D-144D87E48D0C}
		{6E719150-EC52-495B-853B-3EDE1C9EDFB0} = {82EB3229-57DB-4ECA-95D5-50DD27359EF7}
		{15B3E0D2-6217-493A-A690-158C497F5318} = {D2028513-F07C-4891-B8DE-73330CE35690}
		{C10537FE-05EF-4928-9ABD-C9581739B3F9} = {45461386-9E5A-4F2F-9ADA-C5C36799D92B}
	EndGlobalSection
EndGlobal
